
Microsoft Visual Studio Solution File, Format Version 12.00
# Visual Studio Version 17
VisualStudioVersion = 17.5.002.0
MinimumVisualStudioVersion = 10.0.40219.1
Project("{9A19103F-16F7-4668-BE54-9A1E7A4F7556}") = "PM_Solver", "PM_Solver.csproj", "{55A7735E-EA35-48D7-92C8-99C24BD3A880}"
EndProject
Global
	GlobalSection(SolutionConfigurationPlatforms) = preSolution
		Debug|Any CPU = Debug|Any CPU
		Release|Any CPU = Release|Any CPU
	EndGlobalSection
	GlobalSection(ProjectConfigurationPlatforms) = postSolution
		{55A7735E-EA35-48D7-92C8-99C24BD3A880}.Debug|Any CPU.ActiveCfg = Debug|Any CPU
		{55A7735E-EA35-48D7-92C8-99C24BD3A880}.Debug|Any CPU.Build.0 = Debug|Any CPU
		{55A7735E-EA35-48D7-92C8-99C24BD3A880}.Release|Any CPU.ActiveCfg = Release|Any CPU
		{55A7735E-EA35-48D7-92C8-99C24BD3A880}.Release|Any CPU.Build.0 = Release|Any CPU
	EndGlobalSection
	GlobalSection(SolutionProperties) = preSolution
		HideSolutionNode = FALSE
	EndGlobalSection
	GlobalSection(ExtensibilityGlobals) = postSolution
		SolutionGuid = {F837FBC8-9BC0-4A45-A66C-264FDE902513}
	EndGlobalSection
EndGlobal
